// !$*UTF8*$!
{
	archiveVersion = 1;
	classes = {
	};
	objectVersion = 55;
	objects = {

/* Begin PBXBuildFile section */
		0B1699342864D0E700518A40 /* QuotesApp.swift in Sources */ = {isa = PBXBuildFile; fileRef = 0B1699332864D0E700518A40 /* QuotesApp.swift */; };
		0B1699382864D0EA00518A40 /* Assets.xcassets in Resources */ = {isa = PBXBuildFile; fileRef = 0B1699372864D0EA00518A40 /* Assets.xcassets */; };
		0B16993B2864D0EA00518A40 /* Preview Assets.xcassets in Resources */ = {isa = PBXBuildFile; fileRef = 0B16993A2864D0EA00518A40 /* Preview Assets.xcassets */; };
		0B24B2E1286DFCF100200006 /* ActionViewData.swift in Sources */ = {isa = PBXBuildFile; fileRef = 0B24B2E0286DFCF100200006 /* ActionViewData.swift */; };
		0B24B2E3286DFDA100200006 /* FontColorView.swift in Sources */ = {isa = PBXBuildFile; fileRef = 0B24B2E2286DFDA100200006 /* FontColorView.swift */; };
		0B2A4FA0286CAC2A0009A0DC /* CreatorsView.swift in Sources */ = {isa = PBXBuildFile; fileRef = 0B2A4F9F286CAC2A0009A0DC /* CreatorsView.swift */; };
		0B2A4FB3286CB1EF0009A0DC /* PlayfairDisplay-BoldItalic.otf in Resources */ = {isa = PBXBuildFile; fileRef = 0B2A4FA3286CB1EF0009A0DC /* PlayfairDisplay-BoldItalic.otf */; };
		0B2A4FB4286CB1EF0009A0DC /* PlayfairDisplay-Bold.otf in Resources */ = {isa = PBXBuildFile; fileRef = 0B2A4FA4286CB1EF0009A0DC /* PlayfairDisplay-Bold.otf */; };
		0B2A4FB5286CB1EF0009A0DC /* times new roman.ttf in Resources */ = {isa = PBXBuildFile; fileRef = 0B2A4FA5286CB1EF0009A0DC /* times new roman.ttf */; };
		0B2A4FB6286CB1EF0009A0DC /* Vollkorn-Italic.ttf in Resources */ = {isa = PBXBuildFile; fileRef = 0B2A4FA6286CB1EF0009A0DC /* Vollkorn-Italic.ttf */; };
		0B2A4FB7286CB1EF0009A0DC /* Nunito-Regular.ttf in Resources */ = {isa = PBXBuildFile; fileRef = 0B2A4FA7286CB1EF0009A0DC /* Nunito-Regular.ttf */; };
		0B2A4FB8286CB1EF0009A0DC /* Freight Sans Book.otf in Resources */ = {isa = PBXBuildFile; fileRef = 0B2A4FA8286CB1EF0009A0DC /* Freight Sans Book.otf */; };
		0B2A4FB9286CB1EF0009A0DC /* Garamond Roman.ttf in Resources */ = {isa = PBXBuildFile; fileRef = 0B2A4FA9286CB1EF0009A0DC /* Garamond Roman.ttf */; };
		0B2A4FBA286CB1EF0009A0DC /* PlayfairDisplay-BlackItalic.otf in Resources */ = {isa = PBXBuildFile; fileRef = 0B2A4FAA286CB1EF0009A0DC /* PlayfairDisplay-BlackItalic.otf */; };
		0B2A4FBB286CB1EF0009A0DC /* Montserrat-Regular.otf in Resources */ = {isa = PBXBuildFile; fileRef = 0B2A4FAB286CB1EF0009A0DC /* Montserrat-Regular.otf */; };
		0B2A4FBC286CB1EF0009A0DC /* Poppins-Regular.ttf in Resources */ = {isa = PBXBuildFile; fileRef = 0B2A4FAC286CB1EF0009A0DC /* Poppins-Regular.ttf */; };
		0B2A4FBD286CB1EF0009A0DC /* Gotham-Light.otf in Resources */ = {isa = PBXBuildFile; fileRef = 0B2A4FAD286CB1EF0009A0DC /* Gotham-Light.otf */; };
		0B2A4FBE286CB1EF0009A0DC /* PlayfairDisplay-Black.otf in Resources */ = {isa = PBXBuildFile; fileRef = 0B2A4FAE286CB1EF0009A0DC /* PlayfairDisplay-Black.otf */; };
		0B2A4FBF286CB1EF0009A0DC /* OpenSans-Regular.ttf in Resources */ = {isa = PBXBuildFile; fileRef = 0B2A4FAF286CB1EF0009A0DC /* OpenSans-Regular.ttf */; };
		0B2A4FC0286CB1EF0009A0DC /* DancingScript-VariableFont_wght.ttf in Resources */ = {isa = PBXBuildFile; fileRef = 0B2A4FB0286CB1EF0009A0DC /* DancingScript-VariableFont_wght.ttf */; };
		0B2A4FC1286CB1EF0009A0DC /* PlayfairDisplay-Regular.otf in Resources */ = {isa = PBXBuildFile; fileRef = 0B2A4FB1286CB1EF0009A0DC /* PlayfairDisplay-Regular.otf */; };
		0B2A4FC2286CB1EF0009A0DC /* PlayfairDisplay-Italic.otf in Resources */ = {isa = PBXBuildFile; fileRef = 0B2A4FB2286CB1EF0009A0DC /* PlayfairDisplay-Italic.otf */; };
		0B2A4FC4286CC4A60009A0DC /* CustomAnimationView.swift in Sources */ = {isa = PBXBuildFile; fileRef = 0B2A4FC3286CC4A60009A0DC /* CustomAnimationView.swift */; };
		0B329D87286B599C0061E7F3 /* TagsModel.swift in Sources */ = {isa = PBXBuildFile; fileRef = 0B329D86286B599C0061E7F3 /* TagsModel.swift */; };
		0B329D89286B5A2E0061E7F3 /* TagsViewModel.swift in Sources */ = {isa = PBXBuildFile; fileRef = 0B329D88286B5A2E0061E7F3 /* TagsViewModel.swift */; };
		0B329D8B286B602D0061E7F3 /* TagsQuoteView.swift in Sources */ = {isa = PBXBuildFile; fileRef = 0B329D8A286B602D0061E7F3 /* TagsQuoteView.swift */; };
		0B3D6D5A2866123F00FD11A2 /* CustomTabView.swift in Sources */ = {isa = PBXBuildFile; fileRef = 0B3D6D592866123F00FD11A2 /* CustomTabView.swift */; };
		0B3D6D5C2866126100FD11A2 /* ExploreView.swift in Sources */ = {isa = PBXBuildFile; fileRef = 0B3D6D5B2866126100FD11A2 /* ExploreView.swift */; };
		0B3D6D5E2866126E00FD11A2 /* HomeView.swift in Sources */ = {isa = PBXBuildFile; fileRef = 0B3D6D5D2866126E00FD11A2 /* HomeView.swift */; };
		0B3D6D602866128C00FD11A2 /* FavouriteView.swift in Sources */ = {isa = PBXBuildFile; fileRef = 0B3D6D5F2866128C00FD11A2 /* FavouriteView.swift */; };
		0B3D6D6E286619B400FD11A2 /* QuotesCell.swift in Sources */ = {isa = PBXBuildFile; fileRef = 0B3D6D6D286619B400FD11A2 /* QuotesCell.swift */; };
		0B3D6D712866218700FD11A2 /* InfoCardView.swift in Sources */ = {isa = PBXBuildFile; fileRef = 0B3D6D702866218700FD11A2 /* InfoCardView.swift */; };
		0B3D6D75286621D900FD11A2 /* Constants.swift in Sources */ = {isa = PBXBuildFile; fileRef = 0B3D6D74286621D900FD11A2 /* Constants.swift */; };
		0B3D6D77286626C600FD11A2 /* TagFilteredQuoteListView.swift in Sources */ = {isa = PBXBuildFile; fileRef = 0B3D6D76286626C600FD11A2 /* TagFilteredQuoteListView.swift */; };
		0B5BF2AD28676CB100CCF8D6 /* ExploreAuthorListView.swift in Sources */ = {isa = PBXBuildFile; fileRef = 0B5BF2AC28676CB100CCF8D6 /* ExploreAuthorListView.swift */; };
		0B5BF2B1286772EF00CCF8D6 /* QuotesCardDetailView.swift in Sources */ = {isa = PBXBuildFile; fileRef = 0B5BF2B0286772EF00CCF8D6 /* QuotesCardDetailView.swift */; };
		0B5F897E286E0649001A6AD0 /* FontView.swift in Sources */ = {isa = PBXBuildFile; fileRef = 0B5F897D286E0649001A6AD0 /* FontView.swift */; };
		0B5F8980286E0AF0001A6AD0 /* FontSizeView.swift in Sources */ = {isa = PBXBuildFile; fileRef = 0B5F897F286E0AF0001A6AD0 /* FontSizeView.swift */; };
		0B5F8982286E0CDC001A6AD0 /* PostBackgroundColorView.swift in Sources */ = {isa = PBXBuildFile; fileRef = 0B5F8981286E0CDC001A6AD0 /* PostBackgroundColorView.swift */; };
		0B5F8984286E0DAE001A6AD0 /* CreatorActionView.swift in Sources */ = {isa = PBXBuildFile; fileRef = 0B5F8983286E0DAE001A6AD0 /* CreatorActionView.swift */; };
		0B5F8986286E0F15001A6AD0 /* ActionCardView.swift in Sources */ = {isa = PBXBuildFile; fileRef = 0B5F8985286E0F15001A6AD0 /* ActionCardView.swift */; };
		0B769FDF286F4F1600492C89 /* CreateActionView.swift in Sources */ = {isa = PBXBuildFile; fileRef = 0B769FDE286F4F1600492C89 /* CreateActionView.swift */; };
		0B876F2F286A0BAA0027FBF4 /* AuthorDetailView.swift in Sources */ = {isa = PBXBuildFile; fileRef = 0B876F2E286A0BAA0027FBF4 /* AuthorDetailView.swift */; };
		0B876F31286A0C230027FBF4 /* AuthorView.swift in Sources */ = {isa = PBXBuildFile; fileRef = 0B876F30286A0C230027FBF4 /* AuthorView.swift */; };
		0B94844328677AF900207BBD /* QuotesCardView.swift in Sources */ = {isa = PBXBuildFile; fileRef = 0B94844228677AF900207BBD /* QuotesCardView.swift */; };
		0BBD2D9E286A24B0003A110A /* AuthorsModel.swift in Sources */ = {isa = PBXBuildFile; fileRef = 0BBD2D9D286A24B0003A110A /* AuthorsModel.swift */; };
		0BBD2DA2286A253E003A110A /* AuthorsViewModel.swift in Sources */ = {isa = PBXBuildFile; fileRef = 0BBD2DA1286A253E003A110A /* AuthorsViewModel.swift */; };
		0BBD2DA4286A2F67003A110A /* AuthorQuoteListView.swift in Sources */ = {isa = PBXBuildFile; fileRef = 0BBD2DA3286A2F67003A110A /* AuthorQuoteListView.swift */; };
		0BD8A6292867809800BE2344 /* CustomTitleView.swift in Sources */ = {isa = PBXBuildFile; fileRef = 0BD8A6282867809800BE2344 /* CustomTitleView.swift */; };
		0BD8A62B286781E800BE2344 /* QuoteTagView.swift in Sources */ = {isa = PBXBuildFile; fileRef = 0BD8A62A286781E800BE2344 /* QuoteTagView.swift */; };
		0BD8A62D286786B700BE2344 /* AuthorNameView.swift in Sources */ = {isa = PBXBuildFile; fileRef = 0BD8A62C286786B700BE2344 /* AuthorNameView.swift */; };
		0BE10DAF2868BD9B0041CC3D /* DefaultView.swift in Sources */ = {isa = PBXBuildFile; fileRef = 0BE10DAE2868BD9B0041CC3D /* DefaultView.swift */; };
		0BE10DB22868BE980041CC3D /* ExploreAuthorCardView.swift in Sources */ = {isa = PBXBuildFile; fileRef = 0BE10DB12868BE980041CC3D /* ExploreAuthorCardView.swift */; };
		0BE10DB52868D69F0041CC3D /* QuotesModel.swift in Sources */ = {isa = PBXBuildFile; fileRef = 0BE10DB42868D69F0041CC3D /* QuotesModel.swift */; };
		0BE10DB72868D91D0041CC3D /* QuotesViewModel.swift in Sources */ = {isa = PBXBuildFile; fileRef = 0BE10DB62868D91D0041CC3D /* QuotesViewModel.swift */; };
/* End PBXBuildFile section */

/* Begin PBXFileReference section */
		0B1699302864D0E700518A40 /* Quotes.app */ = {isa = PBXFileReference; explicitFileType = wrapper.application; includeInIndex = 0; path = Quotes.app; sourceTree = BUILT_PRODUCTS_DIR; };
		0B1699332864D0E700518A40 /* QuotesApp.swift */ = {isa = PBXFileReference; lastKnownFileType = sourcecode.swift; path = QuotesApp.swift; sourceTree = "<group>"; };
		0B1699372864D0EA00518A40 /* Assets.xcassets */ = {isa = PBXFileReference; lastKnownFileType = folder.assetcatalog; path = Assets.xcassets; sourceTree = "<group>"; };
		0B16993A2864D0EA00518A40 /* Preview Assets.xcassets */ = {isa = PBXFileReference; lastKnownFileType = folder.assetcatalog; path = "Preview Assets.xcassets"; sourceTree = "<group>"; };
		0B24B2E0286DFCF100200006 /* ActionViewData.swift */ = {isa = PBXFileReference; lastKnownFileType = sourcecode.swift; path = ActionViewData.swift; sourceTree = "<group>"; };
		0B24B2E2286DFDA100200006 /* FontColorView.swift */ = {isa = PBXFileReference; lastKnownFileType = sourcecode.swift; path = FontColorView.swift; sourceTree = "<group>"; };
		0B2A4F9F286CAC2A0009A0DC /* CreatorsView.swift */ = {isa = PBXFileReference; lastKnownFileType = sourcecode.swift; path = CreatorsView.swift; sourceTree = "<group>"; };
		0B2A4FA3286CB1EF0009A0DC /* PlayfairDisplay-BoldItalic.otf */ = {isa = PBXFileReference; lastKnownFileType = file; path = "PlayfairDisplay-BoldItalic.otf"; sourceTree = "<group>"; };
		0B2A4FA4286CB1EF0009A0DC /* PlayfairDisplay-Bold.otf */ = {isa = PBXFileReference; lastKnownFileType = file; path = "PlayfairDisplay-Bold.otf"; sourceTree = "<group>"; };
		0B2A4FA5286CB1EF0009A0DC /* times new roman.ttf */ = {isa = PBXFileReference; lastKnownFileType = file; path = "times new roman.ttf"; sourceTree = "<group>"; };
		0B2A4FA6286CB1EF0009A0DC /* Vollkorn-Italic.ttf */ = {isa = PBXFileReference; lastKnownFileType = file; path = "Vollkorn-Italic.ttf"; sourceTree = "<group>"; };
		0B2A4FA7286CB1EF0009A0DC /* Nunito-Regular.ttf */ = {isa = PBXFileReference; lastKnownFileType = file; path = "Nunito-Regular.ttf"; sourceTree = "<group>"; };
		0B2A4FA8286CB1EF0009A0DC /* Freight Sans Book.otf */ = {isa = PBXFileReference; lastKnownFileType = file; path = "Freight Sans Book.otf"; sourceTree = "<group>"; };
		0B2A4FA9286CB1EF0009A0DC /* Garamond Roman.ttf */ = {isa = PBXFileReference; lastKnownFileType = file; path = "Garamond Roman.ttf"; sourceTree = "<group>"; };
		0B2A4FAA286CB1EF0009A0DC /* PlayfairDisplay-BlackItalic.otf */ = {isa = PBXFileReference; lastKnownFileType = file; path = "PlayfairDisplay-BlackItalic.otf"; sourceTree = "<group>"; };
		0B2A4FAB286CB1EF0009A0DC /* Montserrat-Regular.otf */ = {isa = PBXFileReference; lastKnownFileType = file; path = "Montserrat-Regular.otf"; sourceTree = "<group>"; };
		0B2A4FAC286CB1EF0009A0DC /* Poppins-Regular.ttf */ = {isa = PBXFileReference; lastKnownFileType = file; path = "Poppins-Regular.ttf"; sourceTree = "<group>"; };
		0B2A4FAD286CB1EF0009A0DC /* Gotham-Light.otf */ = {isa = PBXFileReference; lastKnownFileType = file; path = "Gotham-Light.otf"; sourceTree = "<group>"; };
		0B2A4FAE286CB1EF0009A0DC /* PlayfairDisplay-Black.otf */ = {isa = PBXFileReference; lastKnownFileType = file; path = "PlayfairDisplay-Black.otf"; sourceTree = "<group>"; };
		0B2A4FAF286CB1EF0009A0DC /* OpenSans-Regular.ttf */ = {isa = PBXFileReference; lastKnownFileType = file; path = "OpenSans-Regular.ttf"; sourceTree = "<group>"; };
		0B2A4FB0286CB1EF0009A0DC /* DancingScript-VariableFont_wght.ttf */ = {isa = PBXFileReference; lastKnownFileType = file; path = "DancingScript-VariableFont_wght.ttf"; sourceTree = "<group>"; };
		0B2A4FB1286CB1EF0009A0DC /* PlayfairDisplay-Regular.otf */ = {isa = PBXFileReference; lastKnownFileType = file; path = "PlayfairDisplay-Regular.otf"; sourceTree = "<group>"; };
		0B2A4FB2286CB1EF0009A0DC /* PlayfairDisplay-Italic.otf */ = {isa = PBXFileReference; lastKnownFileType = file; path = "PlayfairDisplay-Italic.otf"; sourceTree = "<group>"; };
		0B2A4FC3286CC4A60009A0DC /* CustomAnimationView.swift */ = {isa = PBXFileReference; lastKnownFileType = sourcecode.swift; path = CustomAnimationView.swift; sourceTree = "<group>"; };
		0B329D86286B599C0061E7F3 /* TagsModel.swift */ = {isa = PBXFileReference; lastKnownFileType = sourcecode.swift; path = TagsModel.swift; sourceTree = "<group>"; };
		0B329D88286B5A2E0061E7F3 /* TagsViewModel.swift */ = {isa = PBXFileReference; lastKnownFileType = sourcecode.swift; path = TagsViewModel.swift; sourceTree = "<group>"; };
		0B329D8A286B602D0061E7F3 /* TagsQuoteView.swift */ = {isa = PBXFileReference; lastKnownFileType = sourcecode.swift; path = TagsQuoteView.swift; sourceTree = "<group>"; };
		0B3D6D592866123F00FD11A2 /* CustomTabView.swift */ = {isa = PBXFileReference; lastKnownFileType = sourcecode.swift; path = CustomTabView.swift; sourceTree = "<group>"; };
		0B3D6D5B2866126100FD11A2 /* ExploreView.swift */ = {isa = PBXFileReference; lastKnownFileType = sourcecode.swift; path = ExploreView.swift; sourceTree = "<group>"; };
		0B3D6D5D2866126E00FD11A2 /* HomeView.swift */ = {isa = PBXFileReference; lastKnownFileType = sourcecode.swift; path = HomeView.swift; sourceTree = "<group>"; };
		0B3D6D5F2866128C00FD11A2 /* FavouriteView.swift */ = {isa = PBXFileReference; lastKnownFileType = sourcecode.swift; path = FavouriteView.swift; sourceTree = "<group>"; };
		0B3D6D6D286619B400FD11A2 /* QuotesCell.swift */ = {isa = PBXFileReference; lastKnownFileType = sourcecode.swift; path = QuotesCell.swift; sourceTree = "<group>"; };
		0B3D6D702866218700FD11A2 /* InfoCardView.swift */ = {isa = PBXFileReference; lastKnownFileType = sourcecode.swift; path = InfoCardView.swift; sourceTree = "<group>"; };
		0B3D6D74286621D900FD11A2 /* Constants.swift */ = {isa = PBXFileReference; lastKnownFileType = sourcecode.swift; path = Constants.swift; sourceTree = "<group>"; };
		0B3D6D76286626C600FD11A2 /* TagFilteredQuoteListView.swift */ = {isa = PBXFileReference; lastKnownFileType = sourcecode.swift; path = TagFilteredQuoteListView.swift; sourceTree = "<group>"; };
		0B5BF2AC28676CB100CCF8D6 /* ExploreAuthorListView.swift */ = {isa = PBXFileReference; lastKnownFileType = sourcecode.swift; path = ExploreAuthorListView.swift; sourceTree = "<group>"; };
		0B5BF2B0286772EF00CCF8D6 /* QuotesCardDetailView.swift */ = {isa = PBXFileReference; lastKnownFileType = sourcecode.swift; path = QuotesCardDetailView.swift; sourceTree = "<group>"; };
		0B5F897D286E0649001A6AD0 /* FontView.swift */ = {isa = PBXFileReference; lastKnownFileType = sourcecode.swift; path = FontView.swift; sourceTree = "<group>"; };
		0B5F897F286E0AF0001A6AD0 /* FontSizeView.swift */ = {isa = PBXFileReference; lastKnownFileType = sourcecode.swift; path = FontSizeView.swift; sourceTree = "<group>"; };
		0B5F8981286E0CDC001A6AD0 /* PostBackgroundColorView.swift */ = {isa = PBXFileReference; lastKnownFileType = sourcecode.swift; path = PostBackgroundColorView.swift; sourceTree = "<group>"; };
		0B5F8983286E0DAE001A6AD0 /* CreatorActionView.swift */ = {isa = PBXFileReference; lastKnownFileType = sourcecode.swift; path = CreatorActionView.swift; sourceTree = "<group>"; };
		0B5F8985286E0F15001A6AD0 /* ActionCardView.swift */ = {isa = PBXFileReference; lastKnownFileType = sourcecode.swift; path = ActionCardView.swift; sourceTree = "<group>"; };
		0B769FDE286F4F1600492C89 /* CreateActionView.swift */ = {isa = PBXFileReference; lastKnownFileType = sourcecode.swift; path = CreateActionView.swift; sourceTree = "<group>"; };
		0B876F2E286A0BAA0027FBF4 /* AuthorDetailView.swift */ = {isa = PBXFileReference; lastKnownFileType = sourcecode.swift; path = AuthorDetailView.swift; sourceTree = "<group>"; };
		0B876F30286A0C230027FBF4 /* AuthorView.swift */ = {isa = PBXFileReference; lastKnownFileType = sourcecode.swift; path = AuthorView.swift; sourceTree = "<group>"; };
		0B94844228677AF900207BBD /* QuotesCardView.swift */ = {isa = PBXFileReference; lastKnownFileType = sourcecode.swift; path = QuotesCardView.swift; sourceTree = "<group>"; };
		0BBD2D9D286A24B0003A110A /* AuthorsModel.swift */ = {isa = PBXFileReference; lastKnownFileType = sourcecode.swift; path = AuthorsModel.swift; sourceTree = "<group>"; };
		0BBD2DA1286A253E003A110A /* AuthorsViewModel.swift */ = {isa = PBXFileReference; lastKnownFileType = sourcecode.swift; path = AuthorsViewModel.swift; sourceTree = "<group>"; };
		0BBD2DA3286A2F67003A110A /* AuthorQuoteListView.swift */ = {isa = PBXFileReference; lastKnownFileType = sourcecode.swift; path = AuthorQuoteListView.swift; sourceTree = "<group>"; };
		0BD8A6282867809800BE2344 /* CustomTitleView.swift */ = {isa = PBXFileReference; lastKnownFileType = sourcecode.swift; path = CustomTitleView.swift; sourceTree = "<group>"; };
		0BD8A62A286781E800BE2344 /* QuoteTagView.swift */ = {isa = PBXFileReference; lastKnownFileType = sourcecode.swift; path = QuoteTagView.swift; sourceTree = "<group>"; };
		0BD8A62C286786B700BE2344 /* AuthorNameView.swift */ = {isa = PBXFileReference; lastKnownFileType = sourcecode.swift; path = AuthorNameView.swift; sourceTree = "<group>"; };
		0BE10DAE2868BD9B0041CC3D /* DefaultView.swift */ = {isa = PBXFileReference; lastKnownFileType = sourcecode.swift; path = DefaultView.swift; sourceTree = "<group>"; };
		0BE10DB12868BE980041CC3D /* ExploreAuthorCardView.swift */ = {isa = PBXFileReference; lastKnownFileType = sourcecode.swift; path = ExploreAuthorCardView.swift; sourceTree = "<group>"; };
		0BE10DB42868D69F0041CC3D /* QuotesModel.swift */ = {isa = PBXFileReference; lastKnownFileType = sourcecode.swift; path = QuotesModel.swift; sourceTree = "<group>"; };
		0BE10DB62868D91D0041CC3D /* QuotesViewModel.swift */ = {isa = PBXFileReference; lastKnownFileType = sourcecode.swift; path = QuotesViewModel.swift; sourceTree = "<group>"; };
/* End PBXFileReference section */

/* Begin PBXFrameworksBuildPhase section */
		0B16992D2864D0E700518A40 /* Frameworks */ = {
			isa = PBXFrameworksBuildPhase;
			buildActionMask = 2147483647;
			files = (
			);
			runOnlyForDeploymentPostprocessing = 0;
		};
/* End PBXFrameworksBuildPhase section */

/* Begin PBXGroup section */
		0B1699272864D0E700518A40 = {
			isa = PBXGroup;
			children = (
				0B1699322864D0E700518A40 /* Quotes */,
				0B1699312864D0E700518A40 /* Products */,
			);
			sourceTree = "<group>";
		};
		0B1699312864D0E700518A40 /* Products */ = {
			isa = PBXGroup;
			children = (
				0B1699302864D0E700518A40 /* Quotes.app */,
			);
			name = Products;
			sourceTree = "<group>";
		};
		0B1699322864D0E700518A40 /* Quotes */ = {
			isa = PBXGroup;
			children = (
				0B2A4FA1286CB1D10009A0DC /* Resources */,
				0BE10DB02868BE300041CC3D /* sub view */,
				0B3D6D63286618CB00FD11A2 /* Service */,
				0B3D6D62286618C300FD11A2 /* Model */,
				0BE10DB32868D5E50041CC3D /* View Model */,
				0B3D6D61286618BA00FD11A2 /* Extensions */,
				0B3D6D57286611A700FD11A2 /* Utils */,
				0B3D6D6F2866217100FD11A2 /* View */,
				0B3D6D58286611BD00FD11A2 /* Core */,
				0B1699332864D0E700518A40 /* QuotesApp.swift */,
				0B3D6D592866123F00FD11A2 /* CustomTabView.swift */,
				0B3D6D532866119E00FD11A2 /* Supporting Files */,
				0B1699372864D0EA00518A40 /* Assets.xcassets */,
				0B1699392864D0EA00518A40 /* Preview Content */,
			);
			path = Quotes;
			sourceTree = "<group>";
		};
		0B1699392864D0EA00518A40 /* Preview Content */ = {
			isa = PBXGroup;
			children = (
				0B16993A2864D0EA00518A40 /* Preview Assets.xcassets */,
			);
			path = "Preview Content";
			sourceTree = "<group>";
		};
		0B2A4FA1286CB1D10009A0DC /* Resources */ = {
			isa = PBXGroup;
			children = (
				0B2A4FA2286CB1EF0009A0DC /* Fonts */,
			);
			path = Resources;
			sourceTree = "<group>";
		};
		0B2A4FA2286CB1EF0009A0DC /* Fonts */ = {
			isa = PBXGroup;
			children = (
				0B2A4FA3286CB1EF0009A0DC /* PlayfairDisplay-BoldItalic.otf */,
				0B2A4FA4286CB1EF0009A0DC /* PlayfairDisplay-Bold.otf */,
				0B2A4FA5286CB1EF0009A0DC /* times new roman.ttf */,
				0B2A4FA6286CB1EF0009A0DC /* Vollkorn-Italic.ttf */,
				0B2A4FA7286CB1EF0009A0DC /* Nunito-Regular.ttf */,
				0B2A4FA8286CB1EF0009A0DC /* Freight Sans Book.otf */,
				0B2A4FA9286CB1EF0009A0DC /* Garamond Roman.ttf */,
				0B2A4FAA286CB1EF0009A0DC /* PlayfairDisplay-BlackItalic.otf */,
				0B2A4FAB286CB1EF0009A0DC /* Montserrat-Regular.otf */,
				0B2A4FAC286CB1EF0009A0DC /* Poppins-Regular.ttf */,
				0B2A4FAD286CB1EF0009A0DC /* Gotham-Light.otf */,
				0B2A4FAE286CB1EF0009A0DC /* PlayfairDisplay-Black.otf */,
				0B2A4FAF286CB1EF0009A0DC /* OpenSans-Regular.ttf */,
				0B2A4FB0286CB1EF0009A0DC /* DancingScript-VariableFont_wght.ttf */,
				0B2A4FB1286CB1EF0009A0DC /* PlayfairDisplay-Regular.otf */,
				0B2A4FB2286CB1EF0009A0DC /* PlayfairDisplay-Italic.otf */,
			);
			path = Fonts;
			sourceTree = "<group>";
		};
		0B3D6D532866119E00FD11A2 /* Supporting Files */ = {
			isa = PBXGroup;
			children = (
			);
			path = "Supporting Files";
			sourceTree = "<group>";
		};
		0B3D6D57286611A700FD11A2 /* Utils */ = {
			isa = PBXGroup;
			children = (
				0B3D6D74286621D900FD11A2 /* Constants.swift */,
			);
			path = Utils;
			sourceTree = "<group>";
		};
		0B3D6D58286611BD00FD11A2 /* Core */ = {
			isa = PBXGroup;
			children = (
				0B3D6D6A2866197600FD11A2 /* Components */,
				0B3D6D672866191A00FD11A2 /* HomeView */,
				0B3D6D662866191800FD11A2 /* Explore View */,
				0B3D6D652866191500FD11A2 /* Favourite View */,
			);
			path = Core;
			sourceTree = "<group>";
		};
		0B3D6D61286618BA00FD11A2 /* Extensions */ = {
			isa = PBXGroup;
			children = (
			);
			path = Extensions;
			sourceTree = "<group>";
		};
		0B3D6D62286618C300FD11A2 /* Model */ = {
			isa = PBXGroup;
			children = (
				0BE10DB42868D69F0041CC3D /* QuotesModel.swift */,
				0BBD2D9D286A24B0003A110A /* AuthorsModel.swift */,
				0B329D86286B599C0061E7F3 /* TagsModel.swift */,
				0B24B2E0286DFCF100200006 /* ActionViewData.swift */,
			);
			path = Model;
			sourceTree = "<group>";
		};
		0B3D6D63286618CB00FD11A2 /* Service */ = {
			isa = PBXGroup;
			children = (
			);
			path = Service;
			sourceTree = "<group>";
		};
		0B3D6D652866191500FD11A2 /* Favourite View */ = {
			isa = PBXGroup;
			children = (
				0B3D6D5F2866128C00FD11A2 /* FavouriteView.swift */,
			);
			path = "Favourite View";
			sourceTree = "<group>";
		};
		0B3D6D662866191800FD11A2 /* Explore View */ = {
			isa = PBXGroup;
			children = (
				0B3D6D5B2866126100FD11A2 /* ExploreView.swift */,
			);
			path = "Explore View";
			sourceTree = "<group>";
		};
		0B3D6D672866191A00FD11A2 /* HomeView */ = {
			isa = PBXGroup;
			children = (
				0B3D6D692866193E00FD11A2 /* ViewModel */,
				0B3D6D682866193C00FD11A2 /* View */,
			);
			path = HomeView;
			sourceTree = "<group>";
		};
		0B3D6D682866193C00FD11A2 /* View */ = {
			isa = PBXGroup;
			children = (
				0B3D6D5D2866126E00FD11A2 /* HomeView.swift */,
			);
			path = View;
			sourceTree = "<group>";
		};
		0B3D6D692866193E00FD11A2 /* ViewModel */ = {
			isa = PBXGroup;
			children = (
			);
			path = ViewModel;
			sourceTree = "<group>";
		};
		0B3D6D6A2866197600FD11A2 /* Components */ = {
			isa = PBXGroup;
			children = (
			);
			path = Components;
			sourceTree = "<group>";
		};
		0B3D6D6F2866217100FD11A2 /* View */ = {
			isa = PBXGroup;
			children = (
				0B876F2E286A0BAA0027FBF4 /* AuthorDetailView.swift */,
				0B5BF2AC28676CB100CCF8D6 /* ExploreAuthorListView.swift */,
				0B5BF2B0286772EF00CCF8D6 /* QuotesCardDetailView.swift */,
				0BBD2DA3286A2F67003A110A /* AuthorQuoteListView.swift */,
				0B329D8A286B602D0061E7F3 /* TagsQuoteView.swift */,
				0B2A4F9F286CAC2A0009A0DC /* CreatorsView.swift */,
				0B5F8983286E0DAE001A6AD0 /* CreatorActionView.swift */,
			);
			path = View;
			sourceTree = "<group>";
		};
		0BE10DB02868BE300041CC3D /* sub view */ = {
			isa = PBXGroup;
			children = (
				0B3D6D76286626C600FD11A2 /* TagFilteredQuoteListView.swift */,
				0B3D6D702866218700FD11A2 /* InfoCardView.swift */,
				0B94844228677AF900207BBD /* QuotesCardView.swift */,
				0BD8A6282867809800BE2344 /* CustomTitleView.swift */,
				0BD8A62A286781E800BE2344 /* QuoteTagView.swift */,
				0BE10DAE2868BD9B0041CC3D /* DefaultView.swift */,
				0BD8A62C286786B700BE2344 /* AuthorNameView.swift */,
				0B3D6D6D286619B400FD11A2 /* QuotesCell.swift */,
				0BE10DB12868BE980041CC3D /* ExploreAuthorCardView.swift */,
				0B876F30286A0C230027FBF4 /* AuthorView.swift */,
				0B2A4FC3286CC4A60009A0DC /* CustomAnimationView.swift */,
				0B24B2E2286DFDA100200006 /* FontColorView.swift */,
				0B5F897D286E0649001A6AD0 /* FontView.swift */,
				0B5F897F286E0AF0001A6AD0 /* FontSizeView.swift */,
				0B5F8981286E0CDC001A6AD0 /* PostBackgroundColorView.swift */,
				0B5F8985286E0F15001A6AD0 /* ActionCardView.swift */,
				0B769FDE286F4F1600492C89 /* CreateActionView.swift */,
			);
			path = "sub view";
			sourceTree = "<group>";
		};
		0BE10DB32868D5E50041CC3D /* View Model */ = {
			isa = PBXGroup;
			children = (
				0BE10DB62868D91D0041CC3D /* QuotesViewModel.swift */,
				0BBD2DA1286A253E003A110A /* AuthorsViewModel.swift */,
				0B329D88286B5A2E0061E7F3 /* TagsViewModel.swift */,
			);
			path = "View Model";
			sourceTree = "<group>";
		};
/* End PBXGroup section */

/* Begin PBXNativeTarget section */
		0B16992F2864D0E700518A40 /* Quotes */ = {
			isa = PBXNativeTarget;
			buildConfigurationList = 0B16993E2864D0EA00518A40 /* Build configuration list for PBXNativeTarget "Quotes" */;
			buildPhases = (
				0B16992C2864D0E700518A40 /* Sources */,
				0B16992D2864D0E700518A40 /* Frameworks */,
				0B16992E2864D0E700518A40 /* Resources */,
			);
			buildRules = (
			);
			dependencies = (
			);
			name = Quotes;
			productName = Quotes;
			productReference = 0B1699302864D0E700518A40 /* Quotes.app */;
			productType = "com.apple.product-type.application";
		};
/* End PBXNativeTarget section */

/* Begin PBXProject section */
		0B1699282864D0E700518A40 /* Project object */ = {
			isa = PBXProject;
			attributes = {
				BuildIndependentTargetsInParallel = 1;
				LastSwiftUpdateCheck = 1330;
				LastUpgradeCheck = 1330;
				TargetAttributes = {
					0B16992F2864D0E700518A40 = {
						CreatedOnToolsVersion = 13.3.1;
					};
				};
			};
			buildConfigurationList = 0B16992B2864D0E700518A40 /* Build configuration list for PBXProject "Quotes" */;
			compatibilityVersion = "Xcode 13.0";
			developmentRegion = en;
			hasScannedForEncodings = 0;
			knownRegions = (
				en,
				Base,
			);
			mainGroup = 0B1699272864D0E700518A40;
			productRefGroup = 0B1699312864D0E700518A40 /* Products */;
			projectDirPath = "";
			projectRoot = "";
			targets = (
				0B16992F2864D0E700518A40 /* Quotes */,
			);
		};
/* End PBXProject section */

/* Begin PBXResourcesBuildPhase section */
		0B16992E2864D0E700518A40 /* Resources */ = {
			isa = PBXResourcesBuildPhase;
			buildActionMask = 2147483647;
			files = (
				0B2A4FB3286CB1EF0009A0DC /* PlayfairDisplay-BoldItalic.otf in Resources */,
				0B2A4FB9286CB1EF0009A0DC /* Garamond Roman.ttf in Resources */,
				0B16993B2864D0EA00518A40 /* Preview Assets.xcassets in Resources */,
				0B2A4FC0286CB1EF0009A0DC /* DancingScript-VariableFont_wght.ttf in Resources */,
				0B2A4FBC286CB1EF0009A0DC /* Poppins-Regular.ttf in Resources */,
				0B2A4FBE286CB1EF0009A0DC /* PlayfairDisplay-Black.otf in Resources */,
				0B2A4FBD286CB1EF0009A0DC /* Gotham-Light.otf in Resources */,
				0B1699382864D0EA00518A40 /* Assets.xcassets in Resources */,
				0B2A4FB6286CB1EF0009A0DC /* Vollkorn-Italic.ttf in Resources */,
				0B2A4FB7286CB1EF0009A0DC /* Nunito-Regular.ttf in Resources */,
				0B2A4FBA286CB1EF0009A0DC /* PlayfairDisplay-BlackItalic.otf in Resources */,
				0B2A4FBF286CB1EF0009A0DC /* OpenSans-Regular.ttf in Resources */,
				0B2A4FC1286CB1EF0009A0DC /* PlayfairDisplay-Regular.otf in Resources */,
				0B2A4FB8286CB1EF0009A0DC /* Freight Sans Book.otf in Resources */,
				0B2A4FC2286CB1EF0009A0DC /* PlayfairDisplay-Italic.otf in Resources */,
				0B2A4FBB286CB1EF0009A0DC /* Montserrat-Regular.otf in Resources */,
				0B2A4FB4286CB1EF0009A0DC /* PlayfairDisplay-Bold.otf in Resources */,
				0B2A4FB5286CB1EF0009A0DC /* times new roman.ttf in Resources */,
			);
			runOnlyForDeploymentPostprocessing = 0;
		};
/* End PBXResourcesBuildPhase section */

/* Begin PBXSourcesBuildPhase section */
		0B16992C2864D0E700518A40 /* Sources */ = {
			isa = PBXSourcesBuildPhase;
			buildActionMask = 2147483647;
			files = (
				0B1699342864D0E700518A40 /* QuotesApp.swift in Sources */,
				0B3D6D5E2866126E00FD11A2 /* HomeView.swift in Sources */,
				0B5F8984286E0DAE001A6AD0 /* CreatorActionView.swift in Sources */,
				0BE10DB52868D69F0041CC3D /* QuotesModel.swift in Sources */,
				0BD8A6292867809800BE2344 /* CustomTitleView.swift in Sources */,
				0B3D6D6E286619B400FD11A2 /* QuotesCell.swift in Sources */,
				0B3D6D77286626C600FD11A2 /* TagFilteredQuoteListView.swift in Sources */,
				0BBD2D9E286A24B0003A110A /* AuthorsModel.swift in Sources */,
				0B329D89286B5A2E0061E7F3 /* TagsViewModel.swift in Sources */,
				0B24B2E1286DFCF100200006 /* ActionViewData.swift in Sources */,
				0BBD2DA2286A253E003A110A /* AuthorsViewModel.swift in Sources */,
				0B3D6D712866218700FD11A2 /* InfoCardView.swift in Sources */,
				0B329D8B286B602D0061E7F3 /* TagsQuoteView.swift in Sources */,
				0B769FDF286F4F1600492C89 /* CreateActionView.swift in Sources */,
				0BE10DB22868BE980041CC3D /* ExploreAuthorCardView.swift in Sources */,
				0BD8A62B286781E800BE2344 /* QuoteTagView.swift in Sources */,
				0B876F31286A0C230027FBF4 /* AuthorView.swift in Sources */,
				0B94844328677AF900207BBD /* QuotesCardView.swift in Sources */,
				0B5F8980286E0AF0001A6AD0 /* FontSizeView.swift in Sources */,
				0B329D87286B599C0061E7F3 /* TagsModel.swift in Sources */,
				0B876F2F286A0BAA0027FBF4 /* AuthorDetailView.swift in Sources */,
				0B24B2E3286DFDA100200006 /* FontColorView.swift in Sources */,
				0B5BF2AD28676CB100CCF8D6 /* ExploreAuthorListView.swift in Sources */,
				0B3D6D602866128C00FD11A2 /* FavouriteView.swift in Sources */,
				0B5F8982286E0CDC001A6AD0 /* PostBackgroundColorView.swift in Sources */,
				0B3D6D5C2866126100FD11A2 /* ExploreView.swift in Sources */,
				0B3D6D5A2866123F00FD11A2 /* CustomTabView.swift in Sources */,
				0B5F8986286E0F15001A6AD0 /* ActionCardView.swift in Sources */,
				0BE10DAF2868BD9B0041CC3D /* DefaultView.swift in Sources */,
				0B5BF2B1286772EF00CCF8D6 /* QuotesCardDetailView.swift in Sources */,
				0BBD2DA4286A2F67003A110A /* AuthorQuoteListView.swift in Sources */,
				0BD8A62D286786B700BE2344 /* AuthorNameView.swift in Sources */,
				0B5F897E286E0649001A6AD0 /* FontView.swift in Sources */,
				0B2A4FC4286CC4A60009A0DC /* CustomAnimationView.swift in Sources */,
				0B3D6D75286621D900FD11A2 /* Constants.swift in Sources */,
				0BE10DB72868D91D0041CC3D /* QuotesViewModel.swift in Sources */,
				0B2A4FA0286CAC2A0009A0DC /* CreatorsView.swift in Sources */,
			);
			runOnlyForDeploymentPostprocessing = 0;
		};
/* End PBXSourcesBuildPhase section */

/* Begin XCBuildConfiguration section */
		0B16993C2864D0EA00518A40 /* Debug */ = {
			isa = XCBuildConfiguration;
			buildSettings = {
				ALWAYS_SEARCH_USER_PATHS = NO;
				CLANG_ANALYZER_NONNULL = YES;
				CLANG_ANALYZER_NUMBER_OBJECT_CONVERSION = YES_AGGRESSIVE;
				CLANG_CXX_LANGUAGE_STANDARD = "gnu++17";
				CLANG_ENABLE_MODULES = YES;
				CLANG_ENABLE_OBJC_ARC = YES;
				CLANG_ENABLE_OBJC_WEAK = YES;
				CLANG_WARN_BLOCK_CAPTURE_AUTORELEASING = YES;
				CLANG_WARN_BOOL_CONVERSION = YES;
				CLANG_WARN_COMMA = YES;
				CLANG_WARN_CONSTANT_CONVERSION = YES;
				CLANG_WARN_DEPRECATED_OBJC_IMPLEMENTATIONS = YES;
				CLANG_WARN_DIRECT_OBJC_ISA_USAGE = YES_ERROR;
				CLANG_WARN_DOCUMENTATION_COMMENTS = YES;
				CLANG_WARN_EMPTY_BODY = YES;
				CLANG_WARN_ENUM_CONVERSION = YES;
				CLANG_WARN_INFINITE_RECURSION = YES;
				CLANG_WARN_INT_CONVERSION = YES;
				CLANG_WARN_NON_LITERAL_NULL_CONVERSION = YES;
				CLANG_WARN_OBJC_IMPLICIT_RETAIN_SELF = YES;
				CLANG_WARN_OBJC_LITERAL_CONVERSION = YES;
				CLANG_WARN_OBJC_ROOT_CLASS = YES_ERROR;
				CLANG_WARN_QUOTED_INCLUDE_IN_FRAMEWORK_HEADER = YES;
				CLANG_WARN_RANGE_LOOP_ANALYSIS = YES;
				CLANG_WARN_STRICT_PROTOTYPES = YES;
				CLANG_WARN_SUSPICIOUS_MOVE = YES;
				CLANG_WARN_UNGUARDED_AVAILABILITY = YES_AGGRESSIVE;
				CLANG_WARN_UNREACHABLE_CODE = YES;
				CLANG_WARN__DUPLICATE_METHOD_MATCH = YES;
				COPY_PHASE_STRIP = NO;
				DEBUG_INFORMATION_FORMAT = dwarf;
				ENABLE_STRICT_OBJC_MSGSEND = YES;
				ENABLE_TESTABILITY = YES;
				GCC_C_LANGUAGE_STANDARD = gnu11;
				GCC_DYNAMIC_NO_PIC = NO;
				GCC_NO_COMMON_BLOCKS = YES;
				GCC_OPTIMIZATION_LEVEL = 0;
				GCC_PREPROCESSOR_DEFINITIONS = (
					"DEBUG=1",
					"$(inherited)",
				);
				GCC_WARN_64_TO_32_BIT_CONVERSION = YES;
				GCC_WARN_ABOUT_RETURN_TYPE = YES_ERROR;
				GCC_WARN_UNDECLARED_SELECTOR = YES;
				GCC_WARN_UNINITIALIZED_AUTOS = YES_AGGRESSIVE;
				GCC_WARN_UNUSED_FUNCTION = YES;
				GCC_WARN_UNUSED_VARIABLE = YES;
				IPHONEOS_DEPLOYMENT_TARGET = 15.4;
				MTL_ENABLE_DEBUG_INFO = INCLUDE_SOURCE;
				MTL_FAST_MATH = YES;
				ONLY_ACTIVE_ARCH = YES;
				SDKROOT = iphoneos;
				SWIFT_ACTIVE_COMPILATION_CONDITIONS = DEBUG;
				SWIFT_OPTIMIZATION_LEVEL = "-Onone";
			};
			name = Debug;
		};
		0B16993D2864D0EA00518A40 /* Release */ = {
			isa = XCBuildConfiguration;
			buildSettings = {
				ALWAYS_SEARCH_USER_PATHS = NO;
				CLANG_ANALYZER_NONNULL = YES;
				CLANG_ANALYZER_NUMBER_OBJECT_CONVERSION = YES_AGGRESSIVE;
				CLANG_CXX_LANGUAGE_STANDARD = "gnu++17";
				CLANG_ENABLE_MODULES = YES;
				CLANG_ENABLE_OBJC_ARC = YES;
				CLANG_ENABLE_OBJC_WEAK = YES;
				CLANG_WARN_BLOCK_CAPTURE_AUTORELEASING = YES;
				CLANG_WARN_BOOL_CONVERSION = YES;
				CLANG_WARN_COMMA = YES;
				CLANG_WARN_CONSTANT_CONVERSION = YES;
				CLANG_WARN_DEPRECATED_OBJC_IMPLEMENTATIONS = YES;
				CLANG_WARN_DIRECT_OBJC_ISA_USAGE = YES_ERROR;
				CLANG_WARN_DOCUMENTATION_COMMENTS = YES;
				CLANG_WARN_EMPTY_BODY = YES;
				CLANG_WARN_ENUM_CONVERSION = YES;
				CLANG_WARN_INFINITE_RECURSION = YES;
				CLANG_WARN_INT_CONVERSION = YES;
				CLANG_WARN_NON_LITERAL_NULL_CONVERSION = YES;
				CLANG_WARN_OBJC_IMPLICIT_RETAIN_SELF = YES;
				CLANG_WARN_OBJC_LITERAL_CONVERSION = YES;
				CLANG_WARN_OBJC_ROOT_CLASS = YES_ERROR;
				CLANG_WARN_QUOTED_INCLUDE_IN_FRAMEWORK_HEADER = YES;
				CLANG_WARN_RANGE_LOOP_ANALYSIS = YES;
				CLANG_WARN_STRICT_PROTOTYPES = YES;
				CLANG_WARN_SUSPICIOUS_MOVE = YES;
				CLANG_WARN_UNGUARDED_AVAILABILITY = YES_AGGRESSIVE;
				CLANG_WARN_UNREACHABLE_CODE = YES;
				CLANG_WARN__DUPLICATE_METHOD_MATCH = YES;
				COPY_PHASE_STRIP = NO;
				DEBUG_INFORMATION_FORMAT = "dwarf-with-dsym";
				ENABLE_NS_ASSERTIONS = NO;
				ENABLE_STRICT_OBJC_MSGSEND = YES;
				GCC_C_LANGUAGE_STANDARD = gnu11;
				GCC_NO_COMMON_BLOCKS = YES;
				GCC_WARN_64_TO_32_BIT_CONVERSION = YES;
				GCC_WARN_ABOUT_RETURN_TYPE = YES_ERROR;
				GCC_WARN_UNDECLARED_SELECTOR = YES;
				GCC_WARN_UNINITIALIZED_AUTOS = YES_AGGRESSIVE;
				GCC_WARN_UNUSED_FUNCTION = YES;
				GCC_WARN_UNUSED_VARIABLE = YES;
				IPHONEOS_DEPLOYMENT_TARGET = 15.4;
				MTL_ENABLE_DEBUG_INFO = NO;
				MTL_FAST_MATH = YES;
				SDKROOT = iphoneos;
				SWIFT_COMPILATION_MODE = wholemodule;
				SWIFT_OPTIMIZATION_LEVEL = "-O";
				VALIDATE_PRODUCT = YES;
			};
			name = Release;
		};
		0B16993F2864D0EA00518A40 /* Debug */ = {
			isa = XCBuildConfiguration;
			buildSettings = {
				ASSETCATALOG_COMPILER_APPICON_NAME = AppIcon;
				ASSETCATALOG_COMPILER_GLOBAL_ACCENT_COLOR_NAME = AccentColor;
				CODE_SIGN_STYLE = Automatic;
				CURRENT_PROJECT_VERSION = 1;
				DEVELOPMENT_ASSET_PATHS = "\"Quotes/Preview Content\"";
				ENABLE_PREVIEWS = YES;
				GENERATE_INFOPLIST_FILE = YES;
				INFOPLIST_KEY_UIApplicationSceneManifest_Generation = YES;
				INFOPLIST_KEY_UIApplicationSupportsIndirectInputEvents = YES;
				INFOPLIST_KEY_UILaunchScreen_Generation = YES;
				INFOPLIST_KEY_UISupportedInterfaceOrientations_iPad = "UIInterfaceOrientationPortrait UIInterfaceOrientationPortraitUpsideDown UIInterfaceOrientationLandscapeLeft UIInterfaceOrientationLandscapeRight";
				INFOPLIST_KEY_UISupportedInterfaceOrientations_iPhone = "UIInterfaceOrientationPortrait UIInterfaceOrientationLandscapeLeft UIInterfaceOrientationLandscapeRight";
				LD_RUNPATH_SEARCH_PATHS = (
					"$(inherited)",
					"@executable_path/Frameworks",
				);
				MARKETING_VERSION = 1.0;
				PRODUCT_BUNDLE_IDENTIFIER = dalveersingh.Quotes;
				PRODUCT_NAME = "$(TARGET_NAME)";
				SWIFT_EMIT_LOC_STRINGS = YES;
				SWIFT_VERSION = 5.0;
				TARGETED_DEVICE_FAMILY = "1,2";
			};
			name = Debug;
		};
		0B1699402864D0EA00518A40 /* Release */ = {
			isa = XCBuildConfiguration;
			buildSettings = {
				ASSETCATALOG_COMPILER_APPICON_NAME = AppIcon;
				ASSETCATALOG_COMPILER_GLOBAL_ACCENT_COLOR_NAME = AccentColor;
				CODE_SIGN_STYLE = Automatic;
				CURRENT_PROJECT_VERSION = 1;
				DEVELOPMENT_ASSET_PATHS = "\"Quotes/Preview Content\"";
				ENABLE_PREVIEWS = YES;
				GENERATE_INFOPLIST_FILE = YES;
				INFOPLIST_KEY_UIApplicationSceneManifest_Generation = YES;
				INFOPLIST_KEY_UIApplicationSupportsIndirectInputEvents = YES;
				INFOPLIST_KEY_UILaunchScreen_Generation = YES;
				INFOPLIST_KEY_UISupportedInterfaceOrientations_iPad = "UIInterfaceOrientationPortrait UIInterfaceOrientationPortraitUpsideDown UIInterfaceOrientationLandscapeLeft UIInterfaceOrientationLandscapeRight";
				INFOPLIST_KEY_UISupportedInterfaceOrientations_iPhone = "UIInterfaceOrientationPortrait UIInterfaceOrientationLandscapeLeft UIInterfaceOrientationLandscapeRight";
				LD_RUNPATH_SEARCH_PATHS = (
					"$(inherited)",
					"@executable_path/Frameworks",
				);
				MARKETING_VERSION = 1.0;
				PRODUCT_BUNDLE_IDENTIFIER = dalveersingh.Quotes;
				PRODUCT_NAME = "$(TARGET_NAME)";
				SWIFT_EMIT_LOC_STRINGS = YES;
				SWIFT_VERSION = 5.0;
				TARGETED_DEVICE_FAMILY = "1,2";
			};
			name = Release;
		};
/* End XCBuildConfiguration section */

/* Begin XCConfigurationList section */
		0B16992B2864D0E700518A40 /* Build configuration list for PBXProject "Quotes" */ = {
			isa = XCConfigurationList;
			buildConfigurations = (
				0B16993C2864D0EA00518A40 /* Debug */,
				0B16993D2864D0EA00518A40 /* Release */,
			);
			defaultConfigurationIsVisible = 0;
			defaultConfigurationName = Release;
		};
		0B16993E2864D0EA00518A40 /* Build configuration list for PBXNativeTarget "Quotes" */ = {
			isa = XCConfigurationList;
			buildConfigurations = (
				0B16993F2864D0EA00518A40 /* Debug */,
				0B1699402864D0EA00518A40 /* Release */,
			);
			defaultConfigurationIsVisible = 0;
			defaultConfigurationName = Release;
		};
/* End XCConfigurationList section */
	};
	rootObject = 0B1699282864D0E700518A40 /* Project object */;
}
